
Microsoft Visual Studio Solution File, Format Version 12.00
# Visual Studio Version 16
VisualStudioVersion = 16.0.809.7
MinimumVisualStudioVersion = 10.0.40219.1
Project("{FAE04EC0-301F-11D3-BF4B-00C04F79EFBC}") = "Antiques-Auction-WebApp", "Antiques-Auction-WebApp\Antiques-Auction-WebApp.csproj", "{95A22106-7ACA-4307-8050-C5D73580DD59}"
EndProject
Global
	GlobalSection(SolutionConfigurationPlatforms) = preSolution
		Debug|Any CPU = Debug|Any CPU
		Release|Any CPU = Release|Any CPU
	EndGlobalSection
	GlobalSection(ProjectConfigurationPlatforms) = postSolution
		{95A22106-7ACA-4307-8050-C5D73580DD59}.Debug|Any CPU.ActiveCfg = Debug|Any CPU
		{95A22106-7ACA-4307-8050-C5D73580DD59}.Debug|Any CPU.Build.0 = Debug|Any CPU
		{95A22106-7ACA-4307-8050-C5D73580DD59}.Release|Any CPU.ActiveCfg = Release|Any CPU
		{95A22106-7ACA-4307-8050-C5D73580DD59}.Release|Any CPU.Build.0 = Release|Any CPU
	EndGlobalSection
	GlobalSection(SolutionProperties) = preSolution
		HideSolutionNode = FALSE
	EndGlobalSection
	GlobalSection(ExtensibilityGlobals) = postSolution
		SolutionGuid = {5AE8E5DC-4F90-4496-AA24-5831B4E66DC4}
	EndGlobalSection
EndGlobal
